
Microsoft Visual Studio Solution File, Format Version 12.00
# Visual Studio 15
Project("{FAE04EC0-301F-11D3-BF4B-00C04F79EFBC}") = "TwoListViews.Android", "TwoListViews.Android\TwoListViews.Android.csproj", "{02B7FEE1-BD7C-49C5-994A-AF1BE9D7F8FD}"
EndProject
Project("{FAE04EC0-301F-11D3-BF4B-00C04F79EFBC}") = "TwoListViews.iOS", "TwoListViews.iOS\TwoListViews.iOS.csproj", "{30ADF11B-A0DA-4DA3-9602-E2D9C5BCDC4A}"
EndProject
Project("{FAE04EC0-301F-11D3-BF4B-00C04F79EFBC}") = "TwoListViews", "TwoListViews\TwoListViews.csproj", "{4680794A-487D-4777-A8E6-7E73DBDB63EE}"
EndProject
Global
	GlobalSection(SolutionConfigurationPlatforms) = preSolution
		Debug|Any CPU = Debug|Any CPU
		Release|Any CPU = Release|Any CPU
		Debug|iPhoneSimulator = Debug|iPhoneSimulator
		Release|iPhoneSimulator = Release|iPhoneSimulator
		Debug|iPhone = Debug|iPhone
		Release|iPhone = Release|iPhone
		Ad-Hoc|iPhone = Ad-Hoc|iPhone
		AppStore|iPhone = AppStore|iPhone
	EndGlobalSection
	GlobalSection(ProjectConfigurationPlatforms) = postSolution
		{02B7FEE1-BD7C-49C5-994A-AF1BE9D7F8FD}.Debug|Any CPU.ActiveCfg = Debug|Any CPU
		{02B7FEE1-BD7C-49C5-994A-AF1BE9D7F8FD}.Debug|Any CPU.Build.0 = Debug|Any CPU
		{02B7FEE1-BD7C-49C5-994A-AF1BE9D7F8FD}.Release|Any CPU.ActiveCfg = Release|Any CPU
		{02B7FEE1-BD7C-49C5-994A-AF1BE9D7F8FD}.Release|Any CPU.Build.0 = Release|Any CPU
		{02B7FEE1-BD7C-49C5-994A-AF1BE9D7F8FD}.Debug|iPhoneSimulator.ActiveCfg = Debug|Any CPU
		{02B7FEE1-BD7C-49C5-994A-AF1BE9D7F8FD}.Debug|iPhoneSimulator.Build.0 = Debug|Any CPU
		{02B7FEE1-BD7C-49C5-994A-AF1BE9D7F8FD}.Release|iPhoneSimulator.ActiveCfg = Release|Any CPU
		{02B7FEE1-BD7C-49C5-994A-AF1BE9D7F8FD}.Release|iPhoneSimulator.Build.0 = Release|Any CPU
		{02B7FEE1-BD7C-49C5-994A-AF1BE9D7F8FD}.Debug|iPhone.ActiveCfg = Debug|Any CPU
		{02B7FEE1-BD7C-49C5-994A-AF1BE9D7F8FD}.Debug|iPhone.Build.0 = Debug|Any CPU
		{02B7FEE1-BD7C-49C5-994A-AF1BE9D7F8FD}.Release|iPhone.ActiveCfg = Release|Any CPU
		{02B7FEE1-BD7C-49C5-994A-AF1BE9D7F8FD}.Release|iPhone.Build.0 = Release|Any CPU
		{02B7FEE1-BD7C-49C5-994A-AF1BE9D7F8FD}.Ad-Hoc|iPhone.ActiveCfg = Debug|Any CPU
		{02B7FEE1-BD7C-49C5-994A-AF1BE9D7F8FD}.Ad-Hoc|iPhone.Build.0 = Debug|Any CPU
		{02B7FEE1-BD7C-49C5-994A-AF1BE9D7F8FD}.AppStore|iPhone.ActiveCfg = Debug|Any CPU
		{02B7FEE1-BD7C-49C5-994A-AF1BE9D7F8FD}.AppStore|iPhone.Build.0 = Debug|Any CPU
		{30ADF11B-A0DA-4DA3-9602-E2D9C5BCDC4A}.Debug|Any CPU.ActiveCfg = Debug|iPhoneSimulator
		{30ADF11B-A0DA-4DA3-9602-E2D9C5BCDC4A}.Debug|Any CPU.Build.0 = Debug|iPhoneSimulator
		{30ADF11B-A0DA-4DA3-9602-E2D9C5BCDC4A}.Release|Any CPU.ActiveCfg = Release|iPhoneSimulator
		{30ADF11B-A0DA-4DA3-9602-E2D9C5BCDC4A}.Release|Any CPU.Build.0 = Release|iPhoneSimulator
		{30ADF11B-A0DA-4DA3-9602-E2D9C5BCDC4A}.Debug|iPhoneSimulator.ActiveCfg = Debug|iPhoneSimulator
		{30ADF11B-A0DA-4DA3-9602-E2D9C5BCDC4A}.Debug|iPhoneSimulator.Build.0 = Debug|iPhoneSimulator
		{30ADF11B-A0DA-4DA3-9602-E2D9C5BCDC4A}.Release|iPhoneSimulator.ActiveCfg = Release|iPhoneSimulator
		{30ADF11B-A0DA-4DA3-9602-E2D9C5BCDC4A}.Release|iPhoneSimulator.Build.0 = Release|iPhoneSimulator
		{30ADF11B-A0DA-4DA3-9602-E2D9C5BCDC4A}.Debug|iPhone.ActiveCfg = Debug|iPhone
		{30ADF11B-A0DA-4DA3-9602-E2D9C5BCDC4A}.Debug|iPhone.Build.0 = Debug|iPhone
		{30ADF11B-A0DA-4DA3-9602-E2D9C5BCDC4A}.Release|iPhone.ActiveCfg = Release|iPhone
		{30ADF11B-A0DA-4DA3-9602-E2D9C5BCDC4A}.Release|iPhone.Build.0 = Release|iPhone
		{30ADF11B-A0DA-4DA3-9602-E2D9C5BCDC4A}.Ad-Hoc|iPhone.ActiveCfg = Ad-Hoc|iPhone
		{30ADF11B-A0DA-4DA3-9602-E2D9C5BCDC4A}.Ad-Hoc|iPhone.Build.0 = Ad-Hoc|iPhone
		{30ADF11B-A0DA-4DA3-9602-E2D9C5BCDC4A}.AppStore|iPhone.ActiveCfg = AppStore|iPhone
		{30ADF11B-A0DA-4DA3-9602-E2D9C5BCDC4A}.AppStore|iPhone.Build.0 = AppStore|iPhone
		{4680794A-487D-4777-A8E6-7E73DBDB63EE}.Debug|Any CPU.ActiveCfg = Debug|Any CPU
		{4680794A-487D-4777-A8E6-7E73DBDB63EE}.Debug|Any CPU.Build.0 = Debug|Any CPU
		{4680794A-487D-4777-A8E6-7E73DBDB63EE}.Release|Any CPU.ActiveCfg = Release|Any CPU
		{4680794A-487D-4777-A8E6-7E73DBDB63EE}.Release|Any CPU.Build.0 = Release|Any CPU
		{4680794A-487D-4777-A8E6-7E73DBDB63EE}.Debug|iPhoneSimulator.ActiveCfg = Debug|Any CPU
		{4680794A-487D-4777-A8E6-7E73DBDB63EE}.Debug|iPhoneSimulator.Build.0 = Debug|Any CPU
		{4680794A-487D-4777-A8E6-7E73DBDB63EE}.Release|iPhoneSimulator.ActiveCfg = Release|Any CPU
		{4680794A-487D-4777-A8E6-7E73DBDB63EE}.Release|iPhoneSimulator.Build.0 = Release|Any CPU
		{4680794A-487D-4777-A8E6-7E73DBDB63EE}.Debug|iPhone.ActiveCfg = Debug|Any CPU
		{4680794A-487D-4777-A8E6-7E73DBDB63EE}.Debug|iPhone.Build.0 = Debug|Any CPU
		{4680794A-487D-4777-A8E6-7E73DBDB63EE}.Release|iPhone.ActiveCfg = Release|Any CPU
		{4680794A-487D-4777-A8E6-7E73DBDB63EE}.Release|iPhone.Build.0 = Release|Any CPU
		{4680794A-487D-4777-A8E6-7E73DBDB63EE}.Ad-Hoc|iPhone.ActiveCfg = Debug|Any CPU
		{4680794A-487D-4777-A8E6-7E73DBDB63EE}.Ad-Hoc|iPhone.Build.0 = Debug|Any CPU
		{4680794A-487D-4777-A8E6-7E73DBDB63EE}.AppStore|iPhone.ActiveCfg = Debug|Any CPU
		{4680794A-487D-4777-A8E6-7E73DBDB63EE}.AppStore|iPhone.Build.0 = Debug|Any CPU
	EndGlobalSection
EndGlobal
